
Microsoft Visual Studio Solution File, Format Version 12.00
# Visual Studio 15
VisualStudioVersion = 15.0.28307.421
MinimumVisualStudioVersion = 10.0.40219.1
Project("{FAE04EC0-301F-11D3-BF4B-00C04F79EFBC}") = "OASTest", "OASTest\OASTest.csproj", "{96B38508-C7D7-4392-A1DB-94FA0D092503}"
EndProject
Project("{FAE04EC0-301F-11D3-BF4B-00C04F79EFBC}") = "AcculoadConsoleApp", "AcculoadConsoleApp\AcculoadConsoleApp.csproj", "{88C9DA2A-C8E4-45CD-BEA0-E00FD4C6B1F9}"
EndProject
Project("{FAE04EC0-301F-11D3-BF4B-00C04F79EFBC}") = "TestTCPClient", "TestTCPClient\TestTCPClient.csproj", "{546F2F6F-7D26-45A3-AF30-B6AEC6776F04}"
EndProject
Project("{FAE04EC0-301F-11D3-BF4B-00C04F79EFBC}") = "Server_GUI", "Server_GUI\Server_GUI.csproj", "{79A0502F-CF51-4BAB-BC76-B91C4DF08DFA}"
EndProject
Project("{FAE04EC0-301F-11D3-BF4B-00C04F79EFBC}") = "Client_GUI", "Client_GUI\Client_GUI.csproj", "{16CE2A85-0FE5-4170-9E40-A5887701B72E}"
EndProject
Project("{FAE04EC0-301F-11D3-BF4B-00C04F79EFBC}") = "OAS", "OAS\OAS.csproj", "{F5CEEE05-6415-4805-8310-0F8A524ED854}"
EndProject
Project("{FAE04EC0-301F-11D3-BF4B-00C04F79EFBC}") = "OASSignalR", "OASSignalR\OASSignalR.csproj", "{274D62C5-8735-4F55-B0B0-D0C65FD252C3}"
EndProject
Global
	GlobalSection(SolutionConfigurationPlatforms) = preSolution
		Debug|Any CPU = Debug|Any CPU
		Release|Any CPU = Release|Any CPU
	EndGlobalSection
	GlobalSection(ProjectConfigurationPlatforms) = postSolution
		{96B38508-C7D7-4392-A1DB-94FA0D092503}.Debug|Any CPU.ActiveCfg = Debug|Any CPU
		{96B38508-C7D7-4392-A1DB-94FA0D092503}.Debug|Any CPU.Build.0 = Debug|Any CPU
		{96B38508-C7D7-4392-A1DB-94FA0D092503}.Release|Any CPU.ActiveCfg = Release|Any CPU
		{96B38508-C7D7-4392-A1DB-94FA0D092503}.Release|Any CPU.Build.0 = Release|Any CPU
		{88C9DA2A-C8E4-45CD-BEA0-E00FD4C6B1F9}.Debug|Any CPU.ActiveCfg = Debug|Any CPU
		{88C9DA2A-C8E4-45CD-BEA0-E00FD4C6B1F9}.Debug|Any CPU.Build.0 = Debug|Any CPU
		{88C9DA2A-C8E4-45CD-BEA0-E00FD4C6B1F9}.Release|Any CPU.ActiveCfg = Release|Any CPU
		{88C9DA2A-C8E4-45CD-BEA0-E00FD4C6B1F9}.Release|Any CPU.Build.0 = Release|Any CPU
		{546F2F6F-7D26-45A3-AF30-B6AEC6776F04}.Debug|Any CPU.ActiveCfg = Debug|Any CPU
		{546F2F6F-7D26-45A3-AF30-B6AEC6776F04}.Debug|Any CPU.Build.0 = Debug|Any CPU
		{546F2F6F-7D26-45A3-AF30-B6AEC6776F04}.Release|Any CPU.ActiveCfg = Release|Any CPU
		{546F2F6F-7D26-45A3-AF30-B6AEC6776F04}.Release|Any CPU.Build.0 = Release|Any CPU
		{79A0502F-CF51-4BAB-BC76-B91C4DF08DFA}.Debug|Any CPU.ActiveCfg = Debug|Any CPU
		{79A0502F-CF51-4BAB-BC76-B91C4DF08DFA}.Debug|Any CPU.Build.0 = Debug|Any CPU
		{79A0502F-CF51-4BAB-BC76-B91C4DF08DFA}.Release|Any CPU.ActiveCfg = Release|Any CPU
		{79A0502F-CF51-4BAB-BC76-B91C4DF08DFA}.Release|Any CPU.Build.0 = Release|Any CPU
		{16CE2A85-0FE5-4170-9E40-A5887701B72E}.Debug|Any CPU.ActiveCfg = Debug|Any CPU
		{16CE2A85-0FE5-4170-9E40-A5887701B72E}.Debug|Any CPU.Build.0 = Debug|Any CPU
		{16CE2A85-0FE5-4170-9E40-A5887701B72E}.Release|Any CPU.ActiveCfg = Release|Any CPU
		{16CE2A85-0FE5-4170-9E40-A5887701B72E}.Release|Any CPU.Build.0 = Release|Any CPU
		{F5CEEE05-6415-4805-8310-0F8A524ED854}.Debug|Any CPU.ActiveCfg = Debug|Any CPU
		{F5CEEE05-6415-4805-8310-0F8A524ED854}.Debug|Any CPU.Build.0 = Debug|Any CPU
		{F5CEEE05-6415-4805-8310-0F8A524ED854}.Release|Any CPU.ActiveCfg = Release|Any CPU
		{F5CEEE05-6415-4805-8310-0F8A524ED854}.Release|Any CPU.Build.0 = Release|Any CPU
		{274D62C5-8735-4F55-B0B0-D0C65FD252C3}.Debug|Any CPU.ActiveCfg = Debug|Any CPU
		{274D62C5-8735-4F55-B0B0-D0C65FD252C3}.Debug|Any CPU.Build.0 = Debug|Any CPU
		{274D62C5-8735-4F55-B0B0-D0C65FD252C3}.Release|Any CPU.ActiveCfg = Release|Any CPU
		{274D62C5-8735-4F55-B0B0-D0C65FD252C3}.Release|Any CPU.Build.0 = Release|Any CPU
	EndGlobalSection
	GlobalSection(SolutionProperties) = preSolution
		HideSolutionNode = FALSE
	EndGlobalSection
	GlobalSection(ExtensibilityGlobals) = postSolution
		SolutionGuid = {6E84E3FF-07EA-49FC-ABC0-E90CACCCA6A1}
	EndGlobalSection
EndGlobal
